
Microsoft Visual Studio Solution File, Format Version 12.00
# Visual Studio Version 16
VisualStudioVersion = 16.0.31025.194
MinimumVisualStudioVersion = 10.0.40219.1
Project("{9A19103F-16F7-4668-BE54-9A1E7A4F7556}") = "Task 3.1.1", "Task 3.1.1\Task 3.1.1.csproj", "{869E3FD7-3AE7-4409-B67B-4AEF289E31E5}"
EndProject
Project("{9A19103F-16F7-4668-BE54-9A1E7A4F7556}") = "Task 3.1.2", "..\3.1.2\Task 3.1.2.csproj", "{8D4D5068-099E-41FB-B8B1-8C003E699EED}"
EndProject
Global
	GlobalSection(SolutionConfigurationPlatforms) = preSolution
		Debug|Any CPU = Debug|Any CPU
		Release|Any CPU = Release|Any CPU
	EndGlobalSection
	GlobalSection(ProjectConfigurationPlatforms) = postSolution
		{869E3FD7-3AE7-4409-B67B-4AEF289E31E5}.Debug|Any CPU.ActiveCfg = Debug|Any CPU
		{869E3FD7-3AE7-4409-B67B-4AEF289E31E5}.Debug|Any CPU.Build.0 = Debug|Any CPU
		{869E3FD7-3AE7-4409-B67B-4AEF289E31E5}.Release|Any CPU.ActiveCfg = Release|Any CPU
		{869E3FD7-3AE7-4409-B67B-4AEF289E31E5}.Release|Any CPU.Build.0 = Release|Any CPU
		{8D4D5068-099E-41FB-B8B1-8C003E699EED}.Debug|Any CPU.ActiveCfg = Debug|Any CPU
		{8D4D5068-099E-41FB-B8B1-8C003E699EED}.Debug|Any CPU.Build.0 = Debug|Any CPU
		{8D4D5068-099E-41FB-B8B1-8C003E699EED}.Release|Any CPU.ActiveCfg = Release|Any CPU
		{8D4D5068-099E-41FB-B8B1-8C003E699EED}.Release|Any CPU.Build.0 = Release|Any CPU
	EndGlobalSection
	GlobalSection(SolutionProperties) = preSolution
		HideSolutionNode = FALSE
	EndGlobalSection
	GlobalSection(ExtensibilityGlobals) = postSolution
		SolutionGuid = {D31CA4ED-0F82-4A17-B064-154AD0DF6E1C}
	EndGlobalSection
EndGlobal
