
Microsoft Visual Studio Solution File, Format Version 12.00
# Visual Studio Version 16
VisualStudioVersion = 16.0.31025.194
MinimumVisualStudioVersion = 10.0.40219.1
Project("{9A19103F-16F7-4668-BE54-9A1E7A4F7556}") = "Task 3.1.1", "Task 3.1.1\Task 3.1.1.csproj", "{869E3FD7-3AE7-4409-B67B-4AEF289E31E5}"
EndProject
Project("{9A19103F-16F7-4668-BE54-9A1E7A4F7556}") = "Task 3.1.2", "..\3.1.2\Task 3.1.2.csproj", "{8D4D5068-099E-41FB-B8B1-8C003E699EED}"
EndProject
Project("{9A19103F-16F7-4668-BE54-9A1E7A4F7556}") = "Task 3.2.1", "..\..\3.2\Task 3.2.1\Task 3.2.1.csproj", "{C10A908E-24CB-4C14-B929-E984F0C255BF}"
EndProject
Project("{9A19103F-16F7-4668-BE54-9A1E7A4F7556}") = "Task 3.3.1", "..\..\3.3\Task 3.3.1\Task 3.3.1.csproj", "{DF198FE2-CE02-46A1-A582-99016DD44397}"
EndProject
Project("{FAE04EC0-301F-11D3-BF4B-00C04F79EFBC}") = "Task 3.3.2", "..\..\3.3\Task 3.3.2\Task 3.3.2.csproj", "{440704C6-6DAE-47FE-AD79-65ADF5C1B580}"
EndProject
Global
	GlobalSection(SolutionConfigurationPlatforms) = preSolution
		Debug|Any CPU = Debug|Any CPU
		Release|Any CPU = Release|Any CPU
	EndGlobalSection
	GlobalSection(ProjectConfigurationPlatforms) = postSolution
		{869E3FD7-3AE7-4409-B67B-4AEF289E31E5}.Debug|Any CPU.ActiveCfg = Debug|Any CPU
		{869E3FD7-3AE7-4409-B67B-4AEF289E31E5}.Debug|Any CPU.Build.0 = Debug|Any CPU
		{869E3FD7-3AE7-4409-B67B-4AEF289E31E5}.Release|Any CPU.ActiveCfg = Release|Any CPU
		{869E3FD7-3AE7-4409-B67B-4AEF289E31E5}.Release|Any CPU.Build.0 = Release|Any CPU
		{8D4D5068-099E-41FB-B8B1-8C003E699EED}.Debug|Any CPU.ActiveCfg = Debug|Any CPU
		{8D4D5068-099E-41FB-B8B1-8C003E699EED}.Debug|Any CPU.Build.0 = Debug|Any CPU
		{8D4D5068-099E-41FB-B8B1-8C003E699EED}.Release|Any CPU.ActiveCfg = Release|Any CPU
		{8D4D5068-099E-41FB-B8B1-8C003E699EED}.Release|Any CPU.Build.0 = Release|Any CPU
		{C10A908E-24CB-4C14-B929-E984F0C255BF}.Debug|Any CPU.ActiveCfg = Debug|Any CPU
		{C10A908E-24CB-4C14-B929-E984F0C255BF}.Debug|Any CPU.Build.0 = Debug|Any CPU
		{C10A908E-24CB-4C14-B929-E984F0C255BF}.Release|Any CPU.ActiveCfg = Release|Any CPU
		{C10A908E-24CB-4C14-B929-E984F0C255BF}.Release|Any CPU.Build.0 = Release|Any CPU
		{DF198FE2-CE02-46A1-A582-99016DD44397}.Debug|Any CPU.ActiveCfg = Debug|Any CPU
		{DF198FE2-CE02-46A1-A582-99016DD44397}.Debug|Any CPU.Build.0 = Debug|Any CPU
		{DF198FE2-CE02-46A1-A582-99016DD44397}.Release|Any CPU.ActiveCfg = Release|Any CPU
		{DF198FE2-CE02-46A1-A582-99016DD44397}.Release|Any CPU.Build.0 = Release|Any CPU
		{440704C6-6DAE-47FE-AD79-65ADF5C1B580}.Debug|Any CPU.ActiveCfg = Debug|Any CPU
		{440704C6-6DAE-47FE-AD79-65ADF5C1B580}.Debug|Any CPU.Build.0 = Debug|Any CPU
		{440704C6-6DAE-47FE-AD79-65ADF5C1B580}.Release|Any CPU.ActiveCfg = Release|Any CPU
		{440704C6-6DAE-47FE-AD79-65ADF5C1B580}.Release|Any CPU.Build.0 = Release|Any CPU
	EndGlobalSection
	GlobalSection(SolutionProperties) = preSolution
		HideSolutionNode = FALSE
	EndGlobalSection
	GlobalSection(ExtensibilityGlobals) = postSolution
		SolutionGuid = {D31CA4ED-0F82-4A17-B064-154AD0DF6E1C}
	EndGlobalSection
EndGlobal
