
Microsoft Visual Studio Solution File, Format Version 12.00
# Visual Studio Version 16
VisualStudioVersion = 16.0.30804.86
MinimumVisualStudioVersion = 10.0.40219.1
Project("{9A19103F-16F7-4668-BE54-9A1E7A4F7556}") = "Task 1.1.1", "Task 1\Task 1.1.1.csproj", "{BAE186C3-8461-4EAA-ACB0-128370361ACB}"
EndProject
Project("{2150E333-8FDC-42A3-9474-1A3956D46DE8}") = "Task 1,1", "Task 1,1", "{4726C9E0-67A4-48B3-8F2E-0D2088DA5A9F}"
EndProject
Project("{2150E333-8FDC-42A3-9474-1A3956D46DE8}") = "Task 1.2", "Task 1.2", "{6FE744F3-CA3B-4797-B7F7-1B679AE9EF7E}"
EndProject
Project("{FAE04EC0-301F-11D3-BF4B-00C04F79EFBC}") = "Task 1.1.2", "Task 1.1.2\Task 1.1.2.csproj", "{728EDC2C-B255-4F11-98E2-224E35A55968}"
EndProject
Global
	GlobalSection(SolutionConfigurationPlatforms) = preSolution
		Debug|Any CPU = Debug|Any CPU
		Release|Any CPU = Release|Any CPU
	EndGlobalSection
	GlobalSection(ProjectConfigurationPlatforms) = postSolution
		{BAE186C3-8461-4EAA-ACB0-128370361ACB}.Debug|Any CPU.ActiveCfg = Debug|Any CPU
		{BAE186C3-8461-4EAA-ACB0-128370361ACB}.Debug|Any CPU.Build.0 = Debug|Any CPU
		{BAE186C3-8461-4EAA-ACB0-128370361ACB}.Release|Any CPU.ActiveCfg = Release|Any CPU
		{BAE186C3-8461-4EAA-ACB0-128370361ACB}.Release|Any CPU.Build.0 = Release|Any CPU
		{728EDC2C-B255-4F11-98E2-224E35A55968}.Debug|Any CPU.ActiveCfg = Debug|Any CPU
		{728EDC2C-B255-4F11-98E2-224E35A55968}.Debug|Any CPU.Build.0 = Debug|Any CPU
		{728EDC2C-B255-4F11-98E2-224E35A55968}.Release|Any CPU.ActiveCfg = Release|Any CPU
		{728EDC2C-B255-4F11-98E2-224E35A55968}.Release|Any CPU.Build.0 = Release|Any CPU
	EndGlobalSection
	GlobalSection(SolutionProperties) = preSolution
		HideSolutionNode = FALSE
	EndGlobalSection
	GlobalSection(NestedProjects) = preSolution
		{BAE186C3-8461-4EAA-ACB0-128370361ACB} = {4726C9E0-67A4-48B3-8F2E-0D2088DA5A9F}
		{728EDC2C-B255-4F11-98E2-224E35A55968} = {4726C9E0-67A4-48B3-8F2E-0D2088DA5A9F}
	EndGlobalSection
	GlobalSection(ExtensibilityGlobals) = postSolution
		SolutionGuid = {24A35081-9605-41D6-A1FF-B4E169A30F86}
	EndGlobalSection
EndGlobal
